// !$*UTF8*$!
{
	archiveVersion = 1;
	classes = {
	};
	objectVersion = 50;
	objects = {

/* Begin PBXBuildFile section */
		D162BB1625A4CDC60010472B /* XOXOApp.swift in Sources */ = {isa = PBXBuildFile; fileRef = D162BB1525A4CDC60010472B /* XOXOApp.swift */; };
		D162BB1825A4CDC60010472B /* ContentView.swift in Sources */ = {isa = PBXBuildFile; fileRef = D162BB1725A4CDC60010472B /* ContentView.swift */; };
		D162BB1A25A4CDC70010472B /* Assets.xcassets in Resources */ = {isa = PBXBuildFile; fileRef = D162BB1925A4CDC70010472B /* Assets.xcassets */; };
		D162BB1D25A4CDC70010472B /* Preview Assets.xcassets in Resources */ = {isa = PBXBuildFile; fileRef = D162BB1C25A4CDC70010472B /* Preview Assets.xcassets */; };
		D162BB2D25A4CF5B0010472B /* Field.swift in Sources */ = {isa = PBXBuildFile; fileRef = D162BB2C25A4CF5B0010472B /* Field.swift */; };
/* End PBXBuildFile section */

/* Begin PBXFileReference section */
		D162BB1225A4CDC60010472B /* XOXO.app */ = {isa = PBXFileReference; explicitFileType = wrapper.application; includeInIndex = 0; path = XOXO.app; sourceTree = BUILT_PRODUCTS_DIR; };
		D162BB1525A4CDC60010472B /* XOXOApp.swift */ = {isa = PBXFileReference; lastKnownFileType = sourcecode.swift; path = XOXOApp.swift; sourceTree = "<group>"; };
		D162BB1725A4CDC60010472B /* ContentView.swift */ = {isa = PBXFileReference; lastKnownFileType = sourcecode.swift; path = ContentView.swift; sourceTree = "<group>"; };
		D162BB1925A4CDC70010472B /* Assets.xcassets */ = {isa = PBXFileReference; lastKnownFileType = folder.assetcatalog; path = Assets.xcassets; sourceTree = "<group>"; };
		D162BB1C25A4CDC70010472B /* Preview Assets.xcassets */ = {isa = PBXFileReference; lastKnownFileType = folder.assetcatalog; path = "Preview Assets.xcassets"; sourceTree = "<group>"; };
		D162BB1E25A4CDC70010472B /* Info.plist */ = {isa = PBXFileReference; lastKnownFileType = text.plist.xml; path = Info.plist; sourceTree = "<group>"; };
		D162BB2C25A4CF5B0010472B /* Field.swift */ = {isa = PBXFileReference; lastKnownFileType = sourcecode.swift; path = Field.swift; sourceTree = "<group>"; };
/* End PBXFileReference section */

/* Begin PBXFrameworksBuildPhase section */
		D162BB0F25A4CDC50010472B /* Frameworks */ = {
			isa = PBXFrameworksBuildPhase;
			buildActionMask = 2147483647;
			files = (
			);
			runOnlyForDeploymentPostprocessing = 0;
		};
/* End PBXFrameworksBuildPhase section */

/* Begin PBXGroup section */
		D162BB0925A4CDC50010472B = {
			isa = PBXGroup;
			children = (
				D162BB1425A4CDC60010472B /* XOXO */,
				D162BB1325A4CDC60010472B /* Products */,
			);
			sourceTree = "<group>";
		};
		D162BB1325A4CDC60010472B /* Products */ = {
			isa = PBXGroup;
			children = (
				D162BB1225A4CDC60010472B /* XOXO.app */,
			);
			name = Products;
			sourceTree = "<group>";
		};
		D162BB1425A4CDC60010472B /* XOXO */ = {
			isa = PBXGroup;
			children = (
				D162BB1525A4CDC60010472B /* XOXOApp.swift */,
				D162BB2525A4CE110010472B /* Models */,
				D162BB1725A4CDC60010472B /* ContentView.swift */,
				D162BB1925A4CDC70010472B /* Assets.xcassets */,
				D162BB1E25A4CDC70010472B /* Info.plist */,
				D162BB1B25A4CDC70010472B /* Preview Content */,
			);
			path = XOXO;
			sourceTree = "<group>";
		};
		D162BB1B25A4CDC70010472B /* Preview Content */ = {
			isa = PBXGroup;
			children = (
				D162BB1C25A4CDC70010472B /* Preview Assets.xcassets */,
			);
			path = "Preview Content";
			sourceTree = "<group>";
		};
		D162BB2525A4CE110010472B /* Models */ = {
			isa = PBXGroup;
			children = (
				D162BB2C25A4CF5B0010472B /* Field.swift */,
			);
			path = Models;
			sourceTree = "<group>";
		};
/* End PBXGroup section */

/* Begin PBXNativeTarget section */
		D162BB1125A4CDC50010472B /* XOXO */ = {
			isa = PBXNativeTarget;
			buildConfigurationList = D162BB2125A4CDC70010472B /* Build configuration list for PBXNativeTarget "XOXO" */;
			buildPhases = (
				D162BB0E25A4CDC50010472B /* Sources */,
				D162BB0F25A4CDC50010472B /* Frameworks */,
				D162BB1025A4CDC50010472B /* Resources */,
			);
			buildRules = (
			);
			dependencies = (
			);
			name = XOXO;
			productName = XOXO;
			productReference = D162BB1225A4CDC60010472B /* XOXO.app */;
			productType = "com.apple.product-type.application";
		};
/* End PBXNativeTarget section */

/* Begin PBXProject section */
		D162BB0A25A4CDC50010472B /* Project object */ = {
			isa = PBXProject;
			attributes = {
				LastSwiftUpdateCheck = 1230;
				LastUpgradeCheck = 1230;
				TargetAttributes = {
					D162BB1125A4CDC50010472B = {
						CreatedOnToolsVersion = 12.3;
					};
				};
			};
			buildConfigurationList = D162BB0D25A4CDC50010472B /* Build configuration list for PBXProject "XOXO" */;
			compatibilityVersion = "Xcode 9.3";
			developmentRegion = en;
			hasScannedForEncodings = 0;
			knownRegions = (
				en,
				Base,
			);
			mainGroup = D162BB0925A4CDC50010472B;
			productRefGroup = D162BB1325A4CDC60010472B /* Products */;
			projectDirPath = "";
			projectRoot = "";
			targets = (
				D162BB1125A4CDC50010472B /* XOXO */,
			);
		};
/* End PBXProject section */

/* Begin PBXResourcesBuildPhase section */
		D162BB1025A4CDC50010472B /* Resources */ = {
			isa = PBXResourcesBuildPhase;
			buildActionMask = 2147483647;
			files = (
				D162BB1D25A4CDC70010472B /* Preview Assets.xcassets in Resources */,
				D162BB1A25A4CDC70010472B /* Assets.xcassets in Resources */,
			);
			runOnlyForDeploymentPostprocessing = 0;
		};
/* End PBXResourcesBuildPhase section */

/* Begin PBXSourcesBuildPhase section */
		D162BB0E25A4CDC50010472B /* Sources */ = {
			isa = PBXSourcesBuildPhase;
			buildActionMask = 2147483647;
			files = (
				D162BB1825A4CDC60010472B /* ContentView.swift in Sources */,
				D162BB1625A4CDC60010472B /* XOXOApp.swift in Sources */,
				D162BB2D25A4CF5B0010472B /* Field.swift in Sources */,
			);
			runOnlyForDeploymentPostprocessing = 0;
		};
/* End PBXSourcesBuildPhase section */

/* Begin XCBuildConfiguration section */
		D162BB1F25A4CDC70010472B /* Debug */ = {
			isa = XCBuildConfiguration;
			buildSettings = {
				ALWAYS_SEARCH_USER_PATHS = NO;
				CLANG_ANALYZER_NONNULL = YES;
				CLANG_ANALYZER_NUMBER_OBJECT_CONVERSION = YES_AGGRESSIVE;
				CLANG_CXX_LANGUAGE_STANDARD = "gnu++14";
				CLANG_CXX_LIBRARY = "libc++";
				CLANG_ENABLE_MODULES = YES;
				CLANG_ENABLE_OBJC_ARC = YES;
				CLANG_ENABLE_OBJC_WEAK = YES;
				CLANG_WARN_BLOCK_CAPTURE_AUTORELEASING = YES;
				CLANG_WARN_BOOL_CONVERSION = YES;
				CLANG_WARN_COMMA = YES;
				CLANG_WARN_CONSTANT_CONVERSION = YES;
				CLANG_WARN_DEPRECATED_OBJC_IMPLEMENTATIONS = YES;
				CLANG_WARN_DIRECT_OBJC_ISA_USAGE = YES_ERROR;
				CLANG_WARN_DOCUMENTATION_COMMENTS = YES;
				CLANG_WARN_EMPTY_BODY = YES;
				CLANG_WARN_ENUM_CONVERSION = YES;
				CLANG_WARN_INFINITE_RECURSION = YES;
				CLANG_WARN_INT_CONVERSION = YES;
				CLANG_WARN_NON_LITERAL_NULL_CONVERSION = YES;
				CLANG_WARN_OBJC_IMPLICIT_RETAIN_SELF = YES;
				CLANG_WARN_OBJC_LITERAL_CONVERSION = YES;
				CLANG_WARN_OBJC_ROOT_CLASS = YES_ERROR;
				CLANG_WARN_QUOTED_INCLUDE_IN_FRAMEWORK_HEADER = YES;
				CLANG_WARN_RANGE_LOOP_ANALYSIS = YES;
				CLANG_WARN_STRICT_PROTOTYPES = YES;
				CLANG_WARN_SUSPICIOUS_MOVE = YES;
				CLANG_WARN_UNGUARDED_AVAILABILITY = YES_AGGRESSIVE;
				CLANG_WARN_UNREACHABLE_CODE = YES;
				CLANG_WARN__DUPLICATE_METHOD_MATCH = YES;
				COPY_PHASE_STRIP = NO;
				DEBUG_INFORMATION_FORMAT = dwarf;
				ENABLE_STRICT_OBJC_MSGSEND = YES;
				ENABLE_TESTABILITY = YES;
				GCC_C_LANGUAGE_STANDARD = gnu11;
				GCC_DYNAMIC_NO_PIC = NO;
				GCC_NO_COMMON_BLOCKS = YES;
				GCC_OPTIMIZATION_LEVEL = 0;
				GCC_PREPROCESSOR_DEFINITIONS = (
					"DEBUG=1",
					"$(inherited)",
				);
				GCC_WARN_64_TO_32_BIT_CONVERSION = YES;
				GCC_WARN_ABOUT_RETURN_TYPE = YES_ERROR;
				GCC_WARN_UNDECLARED_SELECTOR = YES;
				GCC_WARN_UNINITIALIZED_AUTOS = YES_AGGRESSIVE;
				GCC_WARN_UNUSED_FUNCTION = YES;
				GCC_WARN_UNUSED_VARIABLE = YES;
				IPHONEOS_DEPLOYMENT_TARGET = 14.3;
				MTL_ENABLE_DEBUG_INFO = INCLUDE_SOURCE;
				MTL_FAST_MATH = YES;
				ONLY_ACTIVE_ARCH = YES;
				SDKROOT = iphoneos;
				SWIFT_ACTIVE_COMPILATION_CONDITIONS = DEBUG;
				SWIFT_OPTIMIZATION_LEVEL = "-Onone";
			};
			name = Debug;
		};
		D162BB2025A4CDC70010472B /* Release */ = {
			isa = XCBuildConfiguration;
			buildSettings = {
				ALWAYS_SEARCH_USER_PATHS = NO;
				CLANG_ANALYZER_NONNULL = YES;
				CLANG_ANALYZER_NUMBER_OBJECT_CONVERSION = YES_AGGRESSIVE;
				CLANG_CXX_LANGUAGE_STANDARD = "gnu++14";
				CLANG_CXX_LIBRARY = "libc++";
				CLANG_ENABLE_MODULES = YES;
				CLANG_ENABLE_OBJC_ARC = YES;
				CLANG_ENABLE_OBJC_WEAK = YES;
				CLANG_WARN_BLOCK_CAPTURE_AUTORELEASING = YES;
				CLANG_WARN_BOOL_CONVERSION = YES;
				CLANG_WARN_COMMA = YES;
				CLANG_WARN_CONSTANT_CONVERSION = YES;
				CLANG_WARN_DEPRECATED_OBJC_IMPLEMENTATIONS = YES;
				CLANG_WARN_DIRECT_OBJC_ISA_USAGE = YES_ERROR;
				CLANG_WARN_DOCUMENTATION_COMMENTS = YES;
				CLANG_WARN_EMPTY_BODY = YES;
				CLANG_WARN_ENUM_CONVERSION = YES;
				CLANG_WARN_INFINITE_RECURSION = YES;
				CLANG_WARN_INT_CONVERSION = YES;
				CLANG_WARN_NON_LITERAL_NULL_CONVERSION = YES;
				CLANG_WARN_OBJC_IMPLICIT_RETAIN_SELF = YES;
				CLANG_WARN_OBJC_LITERAL_CONVERSION = YES;
				CLANG_WARN_OBJC_ROOT_CLASS = YES_ERROR;
				CLANG_WARN_QUOTED_INCLUDE_IN_FRAMEWORK_HEADER = YES;
				CLANG_WARN_RANGE_LOOP_ANALYSIS = YES;
				CLANG_WARN_STRICT_PROTOTYPES = YES;
				CLANG_WARN_SUSPICIOUS_MOVE = YES;
				CLANG_WARN_UNGUARDED_AVAILABILITY = YES_AGGRESSIVE;
				CLANG_WARN_UNREACHABLE_CODE = YES;
				CLANG_WARN__DUPLICATE_METHOD_MATCH = YES;
				COPY_PHASE_STRIP = NO;
				DEBUG_INFORMATION_FORMAT = "dwarf-with-dsym";
				ENABLE_NS_ASSERTIONS = NO;
				ENABLE_STRICT_OBJC_MSGSEND = YES;
				GCC_C_LANGUAGE_STANDARD = gnu11;
				GCC_NO_COMMON_BLOCKS = YES;
				GCC_WARN_64_TO_32_BIT_CONVERSION = YES;
				GCC_WARN_ABOUT_RETURN_TYPE = YES_ERROR;
				GCC_WARN_UNDECLARED_SELECTOR = YES;
				GCC_WARN_UNINITIALIZED_AUTOS = YES_AGGRESSIVE;
				GCC_WARN_UNUSED_FUNCTION = YES;
				GCC_WARN_UNUSED_VARIABLE = YES;
				IPHONEOS_DEPLOYMENT_TARGET = 14.3;
				MTL_ENABLE_DEBUG_INFO = NO;
				MTL_FAST_MATH = YES;
				SDKROOT = iphoneos;
				SWIFT_COMPILATION_MODE = wholemodule;
				SWIFT_OPTIMIZATION_LEVEL = "-O";
				VALIDATE_PRODUCT = YES;
			};
			name = Release;
		};
		D162BB2225A4CDC70010472B /* Debug */ = {
			isa = XCBuildConfiguration;
			buildSettings = {
				ASSETCATALOG_COMPILER_APPICON_NAME = AppIcon;
				ASSETCATALOG_COMPILER_GLOBAL_ACCENT_COLOR_NAME = AccentColor;
				CODE_SIGN_STYLE = Automatic;
				DEVELOPMENT_ASSET_PATHS = "\"XOXO/Preview Content\"";
				DEVELOPMENT_TEAM = 9WFD8JMGSF;
				ENABLE_PREVIEWS = YES;
				INFOPLIST_FILE = XOXO/Info.plist;
				IPHONEOS_DEPLOYMENT_TARGET = 14.0;
				LD_RUNPATH_SEARCH_PATHS = (
					"$(inherited)",
					"@executable_path/Frameworks",
				);
				PRODUCT_BUNDLE_IDENTIFIER = test.me.islam.XOXO;
				PRODUCT_NAME = "$(TARGET_NAME)";
				SWIFT_VERSION = 5.0;
				TARGETED_DEVICE_FAMILY = "1,2";
			};
			name = Debug;
		};
		D162BB2325A4CDC70010472B /* Release */ = {
			isa = XCBuildConfiguration;
			buildSettings = {
				ASSETCATALOG_COMPILER_APPICON_NAME = AppIcon;
				ASSETCATALOG_COMPILER_GLOBAL_ACCENT_COLOR_NAME = AccentColor;
				CODE_SIGN_STYLE = Automatic;
				DEVELOPMENT_ASSET_PATHS = "\"XOXO/Preview Content\"";
				DEVELOPMENT_TEAM = 9WFD8JMGSF;
				ENABLE_PREVIEWS = YES;
				INFOPLIST_FILE = XOXO/Info.plist;
				IPHONEOS_DEPLOYMENT_TARGET = 14.0;
				LD_RUNPATH_SEARCH_PATHS = (
					"$(inherited)",
					"@executable_path/Frameworks",
				);
				PRODUCT_BUNDLE_IDENTIFIER = test.me.islam.XOXO;
				PRODUCT_NAME = "$(TARGET_NAME)";
				SWIFT_VERSION = 5.0;
				TARGETED_DEVICE_FAMILY = "1,2";
			};
			name = Release;
		};
/* End XCBuildConfiguration section */

/* Begin XCConfigurationList section */
		D162BB0D25A4CDC50010472B /* Build configuration list for PBXProject "XOXO" */ = {
			isa = XCConfigurationList;
			buildConfigurations = (
				D162BB1F25A4CDC70010472B /* Debug */,
				D162BB2025A4CDC70010472B /* Release */,
			);
			defaultConfigurationIsVisible = 0;
			defaultConfigurationName = Release;
		};
		D162BB2125A4CDC70010472B /* Build configuration list for PBXNativeTarget "XOXO" */ = {
			isa = XCConfigurationList;
			buildConfigurations = (
				D162BB2225A4CDC70010472B /* Debug */,
				D162BB2325A4CDC70010472B /* Release */,
			);
			defaultConfigurationIsVisible = 0;
			defaultConfigurationName = Release;
		};
/* End XCConfigurationList section */
	};
	rootObject = D162BB0A25A4CDC50010472B /* Project object */;
}
